// !$*UTF8*$!
{
	archiveVersion = 1;
	classes = {
	};
	objectVersion = 50;
	objects = {

/* Begin PBXBuildFile section */
		4A3842F820875AA800155D88 /* AppDelegate.swift in Sources */ = {isa = PBXBuildFile; fileRef = 4A3842F720875AA800155D88 /* AppDelegate.swift */; };
		4A3842FF20875AA900155D88 /* Assets.xcassets in Resources */ = {isa = PBXBuildFile; fileRef = 4A3842FE20875AA900155D88 /* Assets.xcassets */; };
		4A38430220875AA900155D88 /* LaunchScreen.storyboard in Resources */ = {isa = PBXBuildFile; fileRef = 4A38430020875AA900155D88 /* LaunchScreen.storyboard */; };
		4A38430D20875AA900155D88 /* Weather_HereTests.swift in Sources */ = {isa = PBXBuildFile; fileRef = 4A38430C20875AA900155D88 /* Weather_HereTests.swift */; };
		4A38431820875AA900155D88 /* Weather_HereUITests.swift in Sources */ = {isa = PBXBuildFile; fileRef = 4A38431720875AA900155D88 /* Weather_HereUITests.swift */; };
		4A45980A2087DCEA009E780E /* Localizable.strings in Resources */ = {isa = PBXBuildFile; fileRef = 4A45980C2087DCEA009E780E /* Localizable.strings */; };
		4A45980D2087DD1B009E780E /* Main.storyboard in Resources */ = {isa = PBXBuildFile; fileRef = 4A45980F2087DD1B009E780E /* Main.storyboard */; };
		4AA7A729208770B40080E02D /* WeatherDataModel.swift in Sources */ = {isa = PBXBuildFile; fileRef = 4AA7A728208770B40080E02D /* WeatherDataModel.swift */; };
		4AA7A72B208770EC0080E02D /* ChangeCityViewController.swift in Sources */ = {isa = PBXBuildFile; fileRef = 4AA7A72A208770EC0080E02D /* ChangeCityViewController.swift */; };
		4AA7A72D208770FF0080E02D /* WeatherViewController.swift in Sources */ = {isa = PBXBuildFile; fileRef = 4AA7A72C208770FF0080E02D /* WeatherViewController.swift */; };
		4AA7A72F20877CD70080E02D /* Keys.plist in Resources */ = {isa = PBXBuildFile; fileRef = 4AA7A72E20877CD70080E02D /* Keys.plist */; };
/* End PBXBuildFile section */

/* Begin PBXContainerItemProxy section */
		4A38430920875AA900155D88 /* PBXContainerItemProxy */ = {
			isa = PBXContainerItemProxy;
			containerPortal = 4A3842EC20875AA800155D88 /* Project object */;
			proxyType = 1;
			remoteGlobalIDString = 4A3842F320875AA800155D88;
			remoteInfo = "Weather Here";
		};
		4A38431420875AA900155D88 /* PBXContainerItemProxy */ = {
			isa = PBXContainerItemProxy;
			containerPortal = 4A3842EC20875AA800155D88 /* Project object */;
			proxyType = 1;
			remoteGlobalIDString = 4A3842F320875AA800155D88;
			remoteInfo = "Weather Here";
		};
/* End PBXContainerItemProxy section */

/* Begin PBXFileReference section */
		4A3842F420875AA800155D88 /* Weather Here.app */ = {isa = PBXFileReference; explicitFileType = wrapper.application; includeInIndex = 0; path = "Weather Here.app"; sourceTree = BUILT_PRODUCTS_DIR; };
		4A3842F720875AA800155D88 /* AppDelegate.swift */ = {isa = PBXFileReference; lastKnownFileType = sourcecode.swift; path = AppDelegate.swift; sourceTree = "<group>"; };
		4A3842FE20875AA900155D88 /* Assets.xcassets */ = {isa = PBXFileReference; lastKnownFileType = folder.assetcatalog; path = Assets.xcassets; sourceTree = "<group>"; };
		4A38430120875AA900155D88 /* Base */ = {isa = PBXFileReference; lastKnownFileType = file.storyboard; name = Base; path = Base.lproj/LaunchScreen.storyboard; sourceTree = "<group>"; };
		4A38430320875AA900155D88 /* Info.plist */ = {isa = PBXFileReference; lastKnownFileType = text.plist.xml; path = Info.plist; sourceTree = "<group>"; };
		4A38430820875AA900155D88 /* Weather HereTests.xctest */ = {isa = PBXFileReference; explicitFileType = wrapper.cfbundle; includeInIndex = 0; path = "Weather HereTests.xctest"; sourceTree = BUILT_PRODUCTS_DIR; };
		4A38430C20875AA900155D88 /* Weather_HereTests.swift */ = {isa = PBXFileReference; lastKnownFileType = sourcecode.swift; path = Weather_HereTests.swift; sourceTree = "<group>"; };
		4A38430E20875AA900155D88 /* Info.plist */ = {isa = PBXFileReference; lastKnownFileType = text.plist.xml; path = Info.plist; sourceTree = "<group>"; };
		4A38431320875AA900155D88 /* Weather HereUITests.xctest */ = {isa = PBXFileReference; explicitFileType = wrapper.cfbundle; includeInIndex = 0; path = "Weather HereUITests.xctest"; sourceTree = BUILT_PRODUCTS_DIR; };
		4A38431720875AA900155D88 /* Weather_HereUITests.swift */ = {isa = PBXFileReference; lastKnownFileType = sourcecode.swift; path = Weather_HereUITests.swift; sourceTree = "<group>"; };
		4A38431920875AA900155D88 /* Info.plist */ = {isa = PBXFileReference; lastKnownFileType = text.plist.xml; path = Info.plist; sourceTree = "<group>"; };
		4A45980B2087DCEA009E780E /* en */ = {isa = PBXFileReference; lastKnownFileType = text.plist.strings; name = en; path = en.lproj/Localizable.strings; sourceTree = "<group>"; };
		4A45980E2087DD1B009E780E /* Base */ = {isa = PBXFileReference; lastKnownFileType = file.storyboard; name = Base; path = Base.lproj/Main.storyboard; sourceTree = "<group>"; };
		4AA7A728208770B40080E02D /* WeatherDataModel.swift */ = {isa = PBXFileReference; lastKnownFileType = sourcecode.swift; path = WeatherDataModel.swift; sourceTree = "<group>"; };
		4AA7A72A208770EC0080E02D /* ChangeCityViewController.swift */ = {isa = PBXFileReference; lastKnownFileType = sourcecode.swift; path = ChangeCityViewController.swift; sourceTree = "<group>"; };
		4AA7A72C208770FF0080E02D /* WeatherViewController.swift */ = {isa = PBXFileReference; lastKnownFileType = sourcecode.swift; path = WeatherViewController.swift; sourceTree = "<group>"; };
		4AA7A72E20877CD70080E02D /* Keys.plist */ = {isa = PBXFileReference; lastKnownFileType = text.plist.xml; path = Keys.plist; sourceTree = "<group>"; };
/* End PBXFileReference section */

/* Begin PBXFrameworksBuildPhase section */
		4A3842F120875AA800155D88 /* Frameworks */ = {
			isa = PBXFrameworksBuildPhase;
			buildActionMask = 2147483647;
			files = (
			);
			runOnlyForDeploymentPostprocessing = 0;
		};
		4A38430520875AA900155D88 /* Frameworks */ = {
			isa = PBXFrameworksBuildPhase;
			buildActionMask = 2147483647;
			files = (
			);
			runOnlyForDeploymentPostprocessing = 0;
		};
		4A38431020875AA900155D88 /* Frameworks */ = {
			isa = PBXFrameworksBuildPhase;
			buildActionMask = 2147483647;
			files = (
			);
			runOnlyForDeploymentPostprocessing = 0;
		};
/* End PBXFrameworksBuildPhase section */

/* Begin PBXGroup section */
		4A3842EB20875AA800155D88 = {
			isa = PBXGroup;
			children = (
				4A3842F620875AA800155D88 /* Weather Here */,
				4A38430B20875AA900155D88 /* Weather HereTests */,
				4A38431620875AA900155D88 /* Weather HereUITests */,
				4A3842F520875AA800155D88 /* Products */,
			);
			sourceTree = "<group>";
		};
		4A3842F520875AA800155D88 /* Products */ = {
			isa = PBXGroup;
			children = (
				4A3842F420875AA800155D88 /* Weather Here.app */,
				4A38430820875AA900155D88 /* Weather HereTests.xctest */,
				4A38431320875AA900155D88 /* Weather HereUITests.xctest */,
			);
			name = Products;
			sourceTree = "<group>";
		};
		4A3842F620875AA800155D88 /* Weather Here */ = {
			isa = PBXGroup;
			children = (
				4A3843282087648700155D88 /* Model */,
				4A3843252087637300155D88 /* Controller */,
				4A38432A208764D000155D88 /* View */,
				4A3842F720875AA800155D88 /* AppDelegate.swift */,
				4AA7A72E20877CD70080E02D /* Keys.plist */,
				4A45980C2087DCEA009E780E /* Localizable.strings */,
				4A3842FE20875AA900155D88 /* Assets.xcassets */,
				4A38430320875AA900155D88 /* Info.plist */,
			);
			path = "Weather Here";
			sourceTree = "<group>";
		};
		4A38430B20875AA900155D88 /* Weather HereTests */ = {
			isa = PBXGroup;
			children = (
				4A38430C20875AA900155D88 /* Weather_HereTests.swift */,
				4A38430E20875AA900155D88 /* Info.plist */,
			);
			path = "Weather HereTests";
			sourceTree = "<group>";
		};
		4A38431620875AA900155D88 /* Weather HereUITests */ = {
			isa = PBXGroup;
			children = (
				4A38431720875AA900155D88 /* Weather_HereUITests.swift */,
				4A38431920875AA900155D88 /* Info.plist */,
			);
			path = "Weather HereUITests";
			sourceTree = "<group>";
		};
		4A3843252087637300155D88 /* Controller */ = {
			isa = PBXGroup;
			children = (
				4AA7A72A208770EC0080E02D /* ChangeCityViewController.swift */,
				4AA7A72C208770FF0080E02D /* WeatherViewController.swift */,
			);
			path = Controller;
			sourceTree = "<group>";
		};
		4A3843282087648700155D88 /* Model */ = {
			isa = PBXGroup;
			children = (
				4AA7A728208770B40080E02D /* WeatherDataModel.swift */,
			);
			path = Model;
			sourceTree = "<group>";
		};
		4A38432A208764D000155D88 /* View */ = {
			isa = PBXGroup;
			children = (
				4A45980F2087DD1B009E780E /* Main.storyboard */,
				4A38430020875AA900155D88 /* LaunchScreen.storyboard */,
			);
			path = View;
			sourceTree = "<group>";
		};
/* End PBXGroup section */

/* Begin PBXNativeTarget section */
		4A3842F320875AA800155D88 /* Weather Here */ = {
			isa = PBXNativeTarget;
			buildConfigurationList = 4A38431C20875AA900155D88 /* Build configuration list for PBXNativeTarget "Weather Here" */;
			buildPhases = (
				4A3842F020875AA800155D88 /* Sources */,
				4A3842F120875AA800155D88 /* Frameworks */,
				4A3842F220875AA800155D88 /* Resources */,
			);
			buildRules = (
			);
			dependencies = (
			);
			name = "Weather Here";
			productName = "Weather Here";
			productReference = 4A3842F420875AA800155D88 /* Weather Here.app */;
			productType = "com.apple.product-type.application";
		};
		4A38430720875AA900155D88 /* Weather HereTests */ = {
			isa = PBXNativeTarget;
			buildConfigurationList = 4A38431F20875AA900155D88 /* Build configuration list for PBXNativeTarget "Weather HereTests" */;
			buildPhases = (
				4A38430420875AA900155D88 /* Sources */,
				4A38430520875AA900155D88 /* Frameworks */,
				4A38430620875AA900155D88 /* Resources */,
			);
			buildRules = (
			);
			dependencies = (
				4A38430A20875AA900155D88 /* PBXTargetDependency */,
			);
			name = "Weather HereTests";
			productName = "Weather HereTests";
			productReference = 4A38430820875AA900155D88 /* Weather HereTests.xctest */;
			productType = "com.apple.product-type.bundle.unit-test";
		};
		4A38431220875AA900155D88 /* Weather HereUITests */ = {
			isa = PBXNativeTarget;
			buildConfigurationList = 4A38432220875AA900155D88 /* Build configuration list for PBXNativeTarget "Weather HereUITests" */;
			buildPhases = (
				4A38430F20875AA900155D88 /* Sources */,
				4A38431020875AA900155D88 /* Frameworks */,
				4A38431120875AA900155D88 /* Resources */,
			);
			buildRules = (
			);
			dependencies = (
				4A38431520875AA900155D88 /* PBXTargetDependency */,
			);
			name = "Weather HereUITests";
			productName = "Weather HereUITests";
			productReference = 4A38431320875AA900155D88 /* Weather HereUITests.xctest */;
			productType = "com.apple.product-type.bundle.ui-testing";
		};
/* End PBXNativeTarget section */

/* Begin PBXProject section */
		4A3842EC20875AA800155D88 /* Project object */ = {
			isa = PBXProject;
			attributes = {
				LastSwiftUpdateCheck = 0930;
				LastUpgradeCheck = 0930;
				ORGANIZATIONNAME = "Emerald River";
				TargetAttributes = {
					4A3842F320875AA800155D88 = {
						CreatedOnToolsVersion = 9.3;
					};
					4A38430720875AA900155D88 = {
						CreatedOnToolsVersion = 9.3;
						TestTargetID = 4A3842F320875AA800155D88;
					};
					4A38431220875AA900155D88 = {
						CreatedOnToolsVersion = 9.3;
						TestTargetID = 4A3842F320875AA800155D88;
					};
				};
			};
			buildConfigurationList = 4A3842EF20875AA800155D88 /* Build configuration list for PBXProject "Weather Here" */;
			compatibilityVersion = "Xcode 9.3";
			developmentRegion = en;
			hasScannedForEncodings = 0;
			knownRegions = (
				en,
				Base,
			);
			mainGroup = 4A3842EB20875AA800155D88;
			productRefGroup = 4A3842F520875AA800155D88 /* Products */;
			projectDirPath = "";
			projectRoot = "";
			targets = (
				4A3842F320875AA800155D88 /* Weather Here */,
				4A38430720875AA900155D88 /* Weather HereTests */,
				4A38431220875AA900155D88 /* Weather HereUITests */,
			);
		};
/* End PBXProject section */

/* Begin PBXResourcesBuildPhase section */
		4A3842F220875AA800155D88 /* Resources */ = {
			isa = PBXResourcesBuildPhase;
			buildActionMask = 2147483647;
			files = (
				4A45980A2087DCEA009E780E /* Localizable.strings in Resources */,
				4AA7A72F20877CD70080E02D /* Keys.plist in Resources */,
				4A38430220875AA900155D88 /* LaunchScreen.storyboard in Resources */,
				4A3842FF20875AA900155D88 /* Assets.xcassets in Resources */,
				4A45980D2087DD1B009E780E /* Main.storyboard in Resources */,
			);
			runOnlyForDeploymentPostprocessing = 0;
		};
		4A38430620875AA900155D88 /* Resources */ = {
			isa = PBXResourcesBuildPhase;
			buildActionMask = 2147483647;
			files = (
			);
			runOnlyForDeploymentPostprocessing = 0;
		};
		4A38431120875AA900155D88 /* Resources */ = {
			isa = PBXResourcesBuildPhase;
			buildActionMask = 2147483647;
			files = (
			);
			runOnlyForDeploymentPostprocessing = 0;
		};
/* End PBXResourcesBuildPhase section */

/* Begin PBXSourcesBuildPhase section */
		4A3842F020875AA800155D88 /* Sources */ = {
			isa = PBXSourcesBuildPhase;
			buildActionMask = 2147483647;
			files = (
				4AA7A729208770B40080E02D /* WeatherDataModel.swift in Sources */,
				4AA7A72D208770FF0080E02D /* WeatherViewController.swift in Sources */,
				4A3842F820875AA800155D88 /* AppDelegate.swift in Sources */,
				4AA7A72B208770EC0080E02D /* ChangeCityViewController.swift in Sources */,
			);
			runOnlyForDeploymentPostprocessing = 0;
		};
		4A38430420875AA900155D88 /* Sources */ = {
			isa = PBXSourcesBuildPhase;
			buildActionMask = 2147483647;
			files = (
				4A38430D20875AA900155D88 /* Weather_HereTests.swift in Sources */,
			);
			runOnlyForDeploymentPostprocessing = 0;
		};
		4A38430F20875AA900155D88 /* Sources */ = {
			isa = PBXSourcesBuildPhase;
			buildActionMask = 2147483647;
			files = (
				4A38431820875AA900155D88 /* Weather_HereUITests.swift in Sources */,
			);
			runOnlyForDeploymentPostprocessing = 0;
		};
/* End PBXSourcesBuildPhase section */

/* Begin PBXTargetDependency section */
		4A38430A20875AA900155D88 /* PBXTargetDependency */ = {
			isa = PBXTargetDependency;
			target = 4A3842F320875AA800155D88 /* Weather Here */;
			targetProxy = 4A38430920875AA900155D88 /* PBXContainerItemProxy */;
		};
		4A38431520875AA900155D88 /* PBXTargetDependency */ = {
			isa = PBXTargetDependency;
			target = 4A3842F320875AA800155D88 /* Weather Here */;
			targetProxy = 4A38431420875AA900155D88 /* PBXContainerItemProxy */;
		};
/* End PBXTargetDependency section */

/* Begin PBXVariantGroup section */
		4A38430020875AA900155D88 /* LaunchScreen.storyboard */ = {
			isa = PBXVariantGroup;
			children = (
				4A38430120875AA900155D88 /* Base */,
			);
			name = LaunchScreen.storyboard;
			sourceTree = "<group>";
		};
		4A45980C2087DCEA009E780E /* Localizable.strings */ = {
			isa = PBXVariantGroup;
			children = (
				4A45980B2087DCEA009E780E /* en */,
			);
			name = Localizable.strings;
			sourceTree = "<group>";
		};
		4A45980F2087DD1B009E780E /* Main.storyboard */ = {
			isa = PBXVariantGroup;
			children = (
				4A45980E2087DD1B009E780E /* Base */,
			);
			name = Main.storyboard;
			sourceTree = "<group>";
		};
/* End PBXVariantGroup section */

/* Begin XCBuildConfiguration section */
		4A38431A20875AA900155D88 /* Debug */ = {
			isa = XCBuildConfiguration;
			buildSettings = {
				ALWAYS_SEARCH_USER_PATHS = NO;
				CLANG_ANALYZER_NONNULL = YES;
				CLANG_ANALYZER_NUMBER_OBJECT_CONVERSION = YES_AGGRESSIVE;
				CLANG_CXX_LANGUAGE_STANDARD = "gnu++14";
				CLANG_CXX_LIBRARY = "libc++";
				CLANG_ENABLE_MODULES = YES;
				CLANG_ENABLE_OBJC_ARC = YES;
				CLANG_ENABLE_OBJC_WEAK = YES;
				CLANG_WARN_BLOCK_CAPTURE_AUTORELEASING = YES;
				CLANG_WARN_BOOL_CONVERSION = YES;
				CLANG_WARN_COMMA = YES;
				CLANG_WARN_CONSTANT_CONVERSION = YES;
				CLANG_WARN_DEPRECATED_OBJC_IMPLEMENTATIONS = YES;
				CLANG_WARN_DIRECT_OBJC_ISA_USAGE = YES_ERROR;
				CLANG_WARN_DOCUMENTATION_COMMENTS = YES;
				CLANG_WARN_EMPTY_BODY = YES;
				CLANG_WARN_ENUM_CONVERSION = YES;
				CLANG_WARN_INFINITE_RECURSION = YES;
				CLANG_WARN_INT_CONVERSION = YES;
				CLANG_WARN_NON_LITERAL_NULL_CONVERSION = YES;
				CLANG_WARN_OBJC_IMPLICIT_RETAIN_SELF = YES;
				CLANG_WARN_OBJC_LITERAL_CONVERSION = YES;
				CLANG_WARN_OBJC_ROOT_CLASS = YES_ERROR;
				CLANG_WARN_RANGE_LOOP_ANALYSIS = YES;
				CLANG_WARN_STRICT_PROTOTYPES = YES;
				CLANG_WARN_SUSPICIOUS_MOVE = YES;
				CLANG_WARN_UNGUARDED_AVAILABILITY = YES_AGGRESSIVE;
				CLANG_WARN_UNREACHABLE_CODE = YES;
				CLANG_WARN__DUPLICATE_METHOD_MATCH = YES;
				CODE_SIGN_IDENTITY = "iPhone Developer";
				COPY_PHASE_STRIP = NO;
				DEBUG_INFORMATION_FORMAT = dwarf;
				ENABLE_STRICT_OBJC_MSGSEND = YES;
				ENABLE_TESTABILITY = YES;
				GCC_C_LANGUAGE_STANDARD = gnu11;
				GCC_DYNAMIC_NO_PIC = NO;
				GCC_NO_COMMON_BLOCKS = YES;
				GCC_OPTIMIZATION_LEVEL = 0;
				GCC_PREPROCESSOR_DEFINITIONS = (
					"DEBUG=1",
					"$(inherited)",
				);
				GCC_WARN_64_TO_32_BIT_CONVERSION = YES;
				GCC_WARN_ABOUT_RETURN_TYPE = YES_ERROR;
				GCC_WARN_UNDECLARED_SELECTOR = YES;
				GCC_WARN_UNINITIALIZED_AUTOS = YES_AGGRESSIVE;
				GCC_WARN_UNUSED_FUNCTION = YES;
				GCC_WARN_UNUSED_VARIABLE = YES;
				IPHONEOS_DEPLOYMENT_TARGET = 11.3;
				MTL_ENABLE_DEBUG_INFO = YES;
				ONLY_ACTIVE_ARCH = YES;
				SDKROOT = iphoneos;
				SWIFT_ACTIVE_COMPILATION_CONDITIONS = DEBUG;
				SWIFT_OPTIMIZATION_LEVEL = "-Onone";
			};
			name = Debug;
		};
		4A38431B20875AA900155D88 /* Release */ = {
			isa = XCBuildConfiguration;
			buildSettings = {
				ALWAYS_SEARCH_USER_PATHS = NO;
				CLANG_ANALYZER_NONNULL = YES;
				CLANG_ANALYZER_NUMBER_OBJECT_CONVERSION = YES_AGGRESSIVE;
				CLANG_CXX_LANGUAGE_STANDARD = "gnu++14";
				CLANG_CXX_LIBRARY = "libc++";
				CLANG_ENABLE_MODULES = YES;
				CLANG_ENABLE_OBJC_ARC = YES;
				CLANG_ENABLE_OBJC_WEAK = YES;
				CLANG_WARN_BLOCK_CAPTURE_AUTORELEASING = YES;
				CLANG_WARN_BOOL_CONVERSION = YES;
				CLANG_WARN_COMMA = YES;
				CLANG_WARN_CONSTANT_CONVERSION = YES;
				CLANG_WARN_DEPRECATED_OBJC_IMPLEMENTATIONS = YES;
				CLANG_WARN_DIRECT_OBJC_ISA_USAGE = YES_ERROR;
				CLANG_WARN_DOCUMENTATION_COMMENTS = YES;
				CLANG_WARN_EMPTY_BODY = YES;
				CLANG_WARN_ENUM_CONVERSION = YES;
				CLANG_WARN_INFINITE_RECURSION = YES;
				CLANG_WARN_INT_CONVERSION = YES;
				CLANG_WARN_NON_LITERAL_NULL_CONVERSION = YES;
				CLANG_WARN_OBJC_IMPLICIT_RETAIN_SELF = YES;
				CLANG_WARN_OBJC_LITERAL_CONVERSION = YES;
				CLANG_WARN_OBJC_ROOT_CLASS = YES_ERROR;
				CLANG_WARN_RANGE_LOOP_ANALYSIS = YES;
				CLANG_WARN_STRICT_PROTOTYPES = YES;
				CLANG_WARN_SUSPICIOUS_MOVE = YES;
				CLANG_WARN_UNGUARDED_AVAILABILITY = YES_AGGRESSIVE;
				CLANG_WARN_UNREACHABLE_CODE = YES;
				CLANG_WARN__DUPLICATE_METHOD_MATCH = YES;
				CODE_SIGN_IDENTITY = "iPhone Developer";
				COPY_PHASE_STRIP = NO;
				DEBUG_INFORMATION_FORMAT = "dwarf-with-dsym";
				ENABLE_NS_ASSERTIONS = NO;
				ENABLE_STRICT_OBJC_MSGSEND = YES;
				GCC_C_LANGUAGE_STANDARD = gnu11;
				GCC_NO_COMMON_BLOCKS = YES;
				GCC_WARN_64_TO_32_BIT_CONVERSION = YES;
				GCC_WARN_ABOUT_RETURN_TYPE = YES_ERROR;
				GCC_WARN_UNDECLARED_SELECTOR = YES;
				GCC_WARN_UNINITIALIZED_AUTOS = YES_AGGRESSIVE;
				GCC_WARN_UNUSED_FUNCTION = YES;
				GCC_WARN_UNUSED_VARIABLE = YES;
				IPHONEOS_DEPLOYMENT_TARGET = 11.3;
				MTL_ENABLE_DEBUG_INFO = NO;
				SDKROOT = iphoneos;
				SWIFT_COMPILATION_MODE = wholemodule;
				SWIFT_OPTIMIZATION_LEVEL = "-O";
				VALIDATE_PRODUCT = YES;
			};
			name = Release;
		};
		4A38431D20875AA900155D88 /* Debug */ = {
			isa = XCBuildConfiguration;
			buildSettings = {
				ASSETCATALOG_COMPILER_APPICON_NAME = AppIcon;
				CODE_SIGN_STYLE = Automatic;
				DEVELOPMENT_TEAM = YSG2Z93HJH;
				INFOPLIST_FILE = "Weather Here/Info.plist";
				LD_RUNPATH_SEARCH_PATHS = (
					"$(inherited)",
					"@executable_path/Frameworks",
				);
				PRODUCT_BUNDLE_IDENTIFIER = "com.EmeraldRiver.Weather-Here";
				PRODUCT_NAME = "$(TARGET_NAME)";
				SWIFT_VERSION = 4.0;
				TARGETED_DEVICE_FAMILY = 1;
			};
			name = Debug;
		};
		4A38431E20875AA900155D88 /* Release */ = {
			isa = XCBuildConfiguration;
			buildSettings = {
				ASSETCATALOG_COMPILER_APPICON_NAME = AppIcon;
				CODE_SIGN_STYLE = Automatic;
				DEVELOPMENT_TEAM = YSG2Z93HJH;
				INFOPLIST_FILE = "Weather Here/Info.plist";
				LD_RUNPATH_SEARCH_PATHS = (
					"$(inherited)",
					"@executable_path/Frameworks",
				);
				PRODUCT_BUNDLE_IDENTIFIER = "com.EmeraldRiver.Weather-Here";
				PRODUCT_NAME = "$(TARGET_NAME)";
				SWIFT_VERSION = 4.0;
				TARGETED_DEVICE_FAMILY = 1;
			};
			name = Release;
		};
		4A38432020875AA900155D88 /* Debug */ = {
			isa = XCBuildConfiguration;
			buildSettings = {
				ALWAYS_EMBED_SWIFT_STANDARD_LIBRARIES = YES;
				BUNDLE_LOADER = "$(TEST_HOST)";
				CODE_SIGN_STYLE = Automatic;
				DEVELOPMENT_TEAM = YSG2Z93HJH;
				INFOPLIST_FILE = "Weather HereTests/Info.plist";
				LD_RUNPATH_SEARCH_PATHS = (
					"$(inherited)",
					"@executable_path/Frameworks",
					"@loader_path/Frameworks",
				);
				PRODUCT_BUNDLE_IDENTIFIER = "com.EmeraldRiver.Weather-HereTests";
				PRODUCT_NAME = "$(TARGET_NAME)";
				SWIFT_VERSION = 4.0;
				TARGETED_DEVICE_FAMILY = "1,2";
				TEST_HOST = "$(BUILT_PRODUCTS_DIR)/Weather Here.app/Weather Here";
			};
			name = Debug;
		};
		4A38432120875AA900155D88 /* Release */ = {
			isa = XCBuildConfiguration;
			buildSettings = {
				ALWAYS_EMBED_SWIFT_STANDARD_LIBRARIES = YES;
				BUNDLE_LOADER = "$(TEST_HOST)";
				CODE_SIGN_STYLE = Automatic;
				DEVELOPMENT_TEAM = YSG2Z93HJH;
				INFOPLIST_FILE = "Weather HereTests/Info.plist";
				LD_RUNPATH_SEARCH_PATHS = (
					"$(inherited)",
					"@executable_path/Frameworks",
					"@loader_path/Frameworks",
				);
				PRODUCT_BUNDLE_IDENTIFIER = "com.EmeraldRiver.Weather-HereTests";
				PRODUCT_NAME = "$(TARGET_NAME)";
				SWIFT_VERSION = 4.0;
				TARGETED_DEVICE_FAMILY = "1,2";
				TEST_HOST = "$(BUILT_PRODUCTS_DIR)/Weather Here.app/Weather Here";
			};
			name = Release;
		};
		4A38432320875AA900155D88 /* Debug */ = {
			isa = XCBuildConfiguration;
			buildSettings = {
				ALWAYS_EMBED_SWIFT_STANDARD_LIBRARIES = YES;
				CODE_SIGN_STYLE = Automatic;
				DEVELOPMENT_TEAM = YSG2Z93HJH;
				INFOPLIST_FILE = "Weather HereUITests/Info.plist";
				LD_RUNPATH_SEARCH_PATHS = (
					"$(inherited)",
					"@executable_path/Frameworks",
					"@loader_path/Frameworks",
				);
				PRODUCT_BUNDLE_IDENTIFIER = "com.EmeraldRiver.Weather-HereUITests";
				PRODUCT_NAME = "$(TARGET_NAME)";
				SWIFT_VERSION = 4.0;
				TARGETED_DEVICE_FAMILY = "1,2";
				TEST_TARGET_NAME = "Weather Here";
			};
			name = Debug;
		};
		4A38432420875AA900155D88 /* Release */ = {
			isa = XCBuildConfiguration;
			buildSettings = {
				ALWAYS_EMBED_SWIFT_STANDARD_LIBRARIES = YES;
				CODE_SIGN_STYLE = Automatic;
				DEVELOPMENT_TEAM = YSG2Z93HJH;
				INFOPLIST_FILE = "Weather HereUITests/Info.plist";
				LD_RUNPATH_SEARCH_PATHS = (
					"$(inherited)",
					"@executable_path/Frameworks",
					"@loader_path/Frameworks",
				);
				PRODUCT_BUNDLE_IDENTIFIER = "com.EmeraldRiver.Weather-HereUITests";
				PRODUCT_NAME = "$(TARGET_NAME)";
				SWIFT_VERSION = 4.0;
				TARGETED_DEVICE_FAMILY = "1,2";
				TEST_TARGET_NAME = "Weather Here";
			};
			name = Release;
		};
/* End XCBuildConfiguration section */

/* Begin XCConfigurationList section */
		4A3842EF20875AA800155D88 /* Build configuration list for PBXProject "Weather Here" */ = {
			isa = XCConfigurationList;
			buildConfigurations = (
				4A38431A20875AA900155D88 /* Debug */,
				4A38431B20875AA900155D88 /* Release */,
			);
			defaultConfigurationIsVisible = 0;
			defaultConfigurationName = Release;
		};
		4A38431C20875AA900155D88 /* Build configuration list for PBXNativeTarget "Weather Here" */ = {
			isa = XCConfigurationList;
			buildConfigurations = (
				4A38431D20875AA900155D88 /* Debug */,
				4A38431E20875AA900155D88 /* Release */,
			);
			defaultConfigurationIsVisible = 0;
			defaultConfigurationName = Release;
		};
		4A38431F20875AA900155D88 /* Build configuration list for PBXNativeTarget "Weather HereTests" */ = {
			isa = XCConfigurationList;
			buildConfigurations = (
				4A38432020875AA900155D88 /* Debug */,
				4A38432120875AA900155D88 /* Release */,
			);
			defaultConfigurationIsVisible = 0;
			defaultConfigurationName = Release;
		};
		4A38432220875AA900155D88 /* Build configuration list for PBXNativeTarget "Weather HereUITests" */ = {
			isa = XCConfigurationList;
			buildConfigurations = (
				4A38432320875AA900155D88 /* Debug */,
				4A38432420875AA900155D88 /* Release */,
			);
			defaultConfigurationIsVisible = 0;
			defaultConfigurationName = Release;
		};
/* End XCConfigurationList section */
	};
	rootObject = 4A3842EC20875AA800155D88 /* Project object */;
}
